schema: '2.0'
stages:
  download:
    cmd: uv run python -m src.data.download
    deps:
    - path: src/data/download.py
      hash: md5
      md5: bfa3fbfc67f0f26c6d314330e2ab5564
      size: 1148
    outs:
    - path: data/raw/reviews.csv
      hash: md5
      md5: 374accd82f3f22f75427ce7cfb1b357a
      size: 474582
  prepare:
    cmd: uv run python -m src.data.prepare
    deps:
    - path: data/raw/reviews.csv
      hash: md5
      md5: 374accd82f3f22f75427ce7cfb1b357a
      size: 474582
    - path: src/data/prepare.py
      hash: md5
      md5: 84226bcd1a907c9f2c412a5e91bc0ff9
      size: 1191
    params:
      params.yaml:
        data.random_seed: 42
        data.test_split: 0.2
    outs:
    - path: data/processed/corpus.csv
      hash: md5
      md5: 3b5d8fbdfeba979ff66ce8d60d77b8ce
      size: 461263
  featurize:
    cmd: uv run python -m src.features.vectorize
    deps:
    - path: data/processed/corpus.csv
      hash: md5
      md5: 3b5d8fbdfeba979ff66ce8d60d77b8ce
      size: 461263
    - path: src/features/vectorize.py
      hash: md5
      md5: 9b4c191350621c6f6e5110793fcc9e70
      size: 4922
    params:
      params.yaml:
        features:
          method: embedding
          max_vocab_size: 8000
          min_doc_freq: 1
          embedding_dim: 50
    outs:
    - path: data/features/X_test.npy
      hash: md5
      md5: 1e0022cb71696c24c2710fa7efcc5e7a
      size: 446128
    - path: data/features/X_train.npy
      hash: md5
      md5: cc1d2be9d7083e2ffc9d147360b1701f
      size: 1783728
    - path: data/features/vocabulary.json
      hash: md5
      md5: fceb35870e095a0ec7dcf456a9744c19
      size: 147764
    - path: data/features/y_test.npy
      hash: md5
      md5: 84360188ab406b9a342313eb45ea3207
      size: 9048
    - path: data/features/y_train.npy
      hash: md5
      md5: 1d7194ebfa4a81b3b16f022fb9aa0571
      size: 35800
  train:
    cmd: uv run python -m src.train
    deps:
    - path: data/features/X_train.npy
      hash: md5
      md5: cc1d2be9d7083e2ffc9d147360b1701f
      size: 1783728
    - path: data/features/y_train.npy
      hash: md5
      md5: 1d7194ebfa4a81b3b16f022fb9aa0571
      size: 35800
    - path: src/models/layers.py
      hash: md5
      md5: ae27596fd4935f10c11caab2736ef08b
      size: 1198
    - path: src/models/losses.py
      hash: md5
      md5: efcce5e1d0370f4341ff563c72cb2569
      size: 380
    - path: src/models/network.py
      hash: md5
      md5: df5ab5d5db6250254d485ef2a0cbf913
      size: 1519
    - path: src/models/optimizers.py
      hash: md5
      md5: b8681483e25be93234c27aee3c77bec3
      size: 1003
    - path: src/train.py
      hash: md5
      md5: 4b8c9861e3af73ae4745bc6e241a8b2e
      size: 2146
    params:
      params.yaml:
        train:
          hidden_layers:
          - 32
          activation: relu
          learning_rate: 0.05
          momentum: 0.9
          epochs: 100
          batch_size: 32
          random_seed: 42
    outs:
    - path: metrics/train_loss.csv
      hash: md5
      md5: 6055271a9a1f3e7090107569d0b17f46
      size: 1294
    - path: models/model.npz
      hash: md5
      md5: 8841b0839ebce0b652d338555d90e6a2
      size: 14294
  evaluate:
    cmd: uv run python -m src.evaluate
    deps:
    - path: data/features/X_test.npy
      hash: md5
      md5: 1e0022cb71696c24c2710fa7efcc5e7a
      size: 446128
    - path: data/features/y_test.npy
      hash: md5
      md5: 84360188ab406b9a342313eb45ea3207
      size: 9048
    - path: models/model.npz
      hash: md5
      md5: 8841b0839ebce0b652d338555d90e6a2
      size: 14294
    - path: src/evaluate.py
      hash: md5
      md5: 55502e388f741265cde7dde45770dcc3
      size: 1688
    params:
      params.yaml:
        evaluate.threshold: 0.5
    outs:
    - path: metrics/metrics.json
      hash: md5
      md5: 22bfb9e209e169dd9da0907e26c17b3e
      size: 112
